
Microsoft Visual Studio Solution File, Format Version 12.00
# Visual Studio 2013
VisualStudioVersion = 12.0.31101.0
MinimumVisualStudioVersion = 10.0.40219.1
Project("{FAE04EC0-301F-11D3-BF4B-00C04F79EFBC}") = "ThriftClient", "ThriftClient.csproj", "{611909C9-F39E-4D41-907F-2EA04FD37ECE}"
EndProject
Global
	GlobalSection(SolutionConfigurationPlatforms) = preSolution
		Debug|Any CPU = Debug|Any CPU
		Release|Any CPU = Release|Any CPU
	EndGlobalSection
	GlobalSection(ProjectConfigurationPlatforms) = postSolution
		{611909C9-F39E-4D41-907F-2EA04FD37ECE}.Debug|Any CPU.ActiveCfg = Debug|Any CPU
		{611909C9-F39E-4D41-907F-2EA04FD37ECE}.Debug|Any CPU.Build.0 = Debug|Any CPU
		{611909C9-F39E-4D41-907F-2EA04FD37ECE}.Release|Any CPU.ActiveCfg = Release|Any CPU
		{611909C9-F39E-4D41-907F-2EA04FD37ECE}.Release|Any CPU.Build.0 = Release|Any CPU
	EndGlobalSection
	GlobalSection(SolutionProperties) = preSolution
		HideSolutionNode = FALSE
	EndGlobalSection
EndGlobal
